
Microsoft Visual Studio Solution File, Format Version 12.00
# Visual Studio 15
VisualStudioVersion = 15.0.28307.271
MinimumVisualStudioVersion = 10.0.40219.1
Project("{9A19103F-16F7-4668-BE54-9A1E7A4F7556}") = "Sample.AudioLib", "Sample.AudioLib\Sample.AudioLib.csproj", "{C7D2E511-6A19-42F2-9846-C5E5A4158BD7}"
EndProject
Project("{FAE04EC0-301F-11D3-BF4B-00C04F79EFBC}") = "Sample.AudioLib.Test", "Sample.AudioLib.Test\Sample.AudioLib.Test.csproj", "{D55042A7-4FE7-4712-9349-7975E74AC01E}"
EndProject
Global
	GlobalSection(SolutionConfigurationPlatforms) = preSolution
		Debug|Any CPU = Debug|Any CPU
		Release|Any CPU = Release|Any CPU
	EndGlobalSection
	GlobalSection(ProjectConfigurationPlatforms) = postSolution
		{C7D2E511-6A19-42F2-9846-C5E5A4158BD7}.Debug|Any CPU.ActiveCfg = Debug|Any CPU
		{C7D2E511-6A19-42F2-9846-C5E5A4158BD7}.Debug|Any CPU.Build.0 = Debug|Any CPU
		{C7D2E511-6A19-42F2-9846-C5E5A4158BD7}.Release|Any CPU.ActiveCfg = Release|Any CPU
		{C7D2E511-6A19-42F2-9846-C5E5A4158BD7}.Release|Any CPU.Build.0 = Release|Any CPU
		{D55042A7-4FE7-4712-9349-7975E74AC01E}.Debug|Any CPU.ActiveCfg = Debug|Any CPU
		{D55042A7-4FE7-4712-9349-7975E74AC01E}.Debug|Any CPU.Build.0 = Debug|Any CPU
		{D55042A7-4FE7-4712-9349-7975E74AC01E}.Release|Any CPU.ActiveCfg = Release|Any CPU
		{D55042A7-4FE7-4712-9349-7975E74AC01E}.Release|Any CPU.Build.0 = Release|Any CPU
	EndGlobalSection
	GlobalSection(SolutionProperties) = preSolution
		HideSolutionNode = FALSE
	EndGlobalSection
	GlobalSection(ExtensibilityGlobals) = postSolution
		SolutionGuid = {B18553CF-D525-47C2-B9A2-9AFC9F70FDC9}
	EndGlobalSection
EndGlobal
